
Microsoft Visual Studio Solution File, Format Version 12.00
# Visual Studio Version 17
VisualStudioVersion = 17.1.32210.238
MinimumVisualStudioVersion = 10.0.40219.1
Project("{8BC9CEB8-8B4A-11D0-8D11-00A0C91BC942}") = "chapter03program01", "chapter03program01\chapter03program01.vcxproj", "{872DB613-19BA-4665-A19C-A314F0EF2192}"
EndProject
Project("{8BC9CEB8-8B4A-11D0-8D11-00A0C91BC942}") = "chapter02program01", "chapter02program01\chapter02program01.vcxproj", "{2DF2FC57-AAAA-48CE-BE38-4FA1C2AC0F1D}"
EndProject
Project("{8BC9CEB8-8B4A-11D0-8D11-00A0C91BC942}") = "chapter02program02", "chapter02program02\chapter02program02.vcxproj", "{17473006-E4BE-4ABF-851A-5DE412FCB6A9}"
EndProject
Project("{8BC9CEB8-8B4A-11D0-8D11-00A0C91BC942}") = "chapter02program03", "chapter02program03\chapter02program03.vcxproj", "{C0349FBB-9B49-4383-B3E0-FE60348EE968}"
EndProject
Project("{8BC9CEB8-8B4A-11D0-8D11-00A0C91BC942}") = "chapter02program04", "chapter02program04\chapter02program04.vcxproj", "{54B74B08-F09C-464D-A68F-E4A454862052}"
EndProject
Project("{8BC9CEB8-8B4A-11D0-8D11-00A0C91BC942}") = "chapter02program05", "chapter02program05\chapter02program05.vcxproj", "{1E65F411-E61A-4F90-A346-CCED2B67EC37}"
EndProject
Project("{8BC9CEB8-8B4A-11D0-8D11-00A0C91BC942}") = "chapter02program06", "chapter02program06\chapter02program06.vcxproj", "{AAACED6E-050C-4EA7-9331-9C09BD6CFD80}"
EndProject
Project("{8BC9CEB8-8B4A-11D0-8D11-00A0C91BC942}") = "chapter04program02", "chapter04program02\chapter04program02.vcxproj", "{787E0194-5BDC-42FC-B4B5-0326E50DEA1D}"
EndProject
Project("{8BC9CEB8-8B4A-11D0-8D11-00A0C91BC942}") = "chapter04program04_(new)", "chapter04program04_(new)\chapter04program04_(new).vcxproj", "{FE01BC1D-C173-4145-BA61-92737A46BA12}"
EndProject
Project("{8BC9CEB8-8B4A-11D0-8D11-00A0C91BC942}") = "chapter04program01", "chapter04program01\chapter04program01.vcxproj", "{A4ABA05D-01C8-4421-908A-87C8E82E4F5E}"
EndProject
Project("{8BC9CEB8-8B4A-11D0-8D11-00A0C91BC942}") = "chapter04program03", "chapter04program03\chapter04program03.vcxproj", "{B813142C-9FAB-4BA4-A7A5-CF19CF7CE009}"
EndProject
Project("{8BC9CEB8-8B4A-11D0-8D11-00A0C91BC942}") = "chapter04program02_(new)", "chapter04program02_(new)\chapter04program02_(new).vcxproj", "{F3D0F058-F92E-40EE-8828-616DAC0DCC08}"
EndProject
Project("{8BC9CEB8-8B4A-11D0-8D11-00A0C91BC942}") = "chapter04program03_(new)", "chapter04program03_(new)\chapter04program03_(new).vcxproj", "{2E005171-3167-4407-80E7-6B9B236BFA8C}"
EndProject
Global
	GlobalSection(SolutionConfigurationPlatforms) = preSolution
		Debug|x64 = Debug|x64
		Debug|x86 = Debug|x86
		Release|x64 = Release|x64
		Release|x86 = Release|x86
	EndGlobalSection
	GlobalSection(ProjectConfigurationPlatforms) = postSolution
		{872DB613-19BA-4665-A19C-A314F0EF2192}.Debug|x64.ActiveCfg = Debug|x64
		{872DB613-19BA-4665-A19C-A314F0EF2192}.Debug|x64.Build.0 = Debug|x64
		{872DB613-19BA-4665-A19C-A314F0EF2192}.Debug|x86.ActiveCfg = Debug|Win32
		{872DB613-19BA-4665-A19C-A314F0EF2192}.Debug|x86.Build.0 = Debug|Win32
		{872DB613-19BA-4665-A19C-A314F0EF2192}.Release|x64.ActiveCfg = Release|x64
		{872DB613-19BA-4665-A19C-A314F0EF2192}.Release|x64.Build.0 = Release|x64
		{872DB613-19BA-4665-A19C-A314F0EF2192}.Release|x86.ActiveCfg = Release|Win32
		{872DB613-19BA-4665-A19C-A314F0EF2192}.Release|x86.Build.0 = Release|Win32
		{2DF2FC57-AAAA-48CE-BE38-4FA1C2AC0F1D}.Debug|x64.ActiveCfg = Debug|x64
		{2DF2FC57-AAAA-48CE-BE38-4FA1C2AC0F1D}.Debug|x64.Build.0 = Debug|x64
		{2DF2FC57-AAAA-48CE-BE38-4FA1C2AC0F1D}.Debug|x86.ActiveCfg = Debug|Win32
		{2DF2FC57-AAAA-48CE-BE38-4FA1C2AC0F1D}.Debug|x86.Build.0 = Debug|Win32
		{2DF2FC57-AAAA-48CE-BE38-4FA1C2AC0F1D}.Release|x64.ActiveCfg = Release|x64
		{2DF2FC57-AAAA-48CE-BE38-4FA1C2AC0F1D}.Release|x64.Build.0 = Release|x64
		{2DF2FC57-AAAA-48CE-BE38-4FA1C2AC0F1D}.Release|x86.ActiveCfg = Release|Win32
		{2DF2FC57-AAAA-48CE-BE38-4FA1C2AC0F1D}.Release|x86.Build.0 = Release|Win32
		{17473006-E4BE-4ABF-851A-5DE412FCB6A9}.Debug|x64.ActiveCfg = Debug|x64
		{17473006-E4BE-4ABF-851A-5DE412FCB6A9}.Debug|x64.Build.0 = Debug|x64
		{17473006-E4BE-4ABF-851A-5DE412FCB6A9}.Debug|x86.ActiveCfg = Debug|Win32
		{17473006-E4BE-4ABF-851A-5DE412FCB6A9}.Debug|x86.Build.0 = Debug|Win32
		{17473006-E4BE-4ABF-851A-5DE412FCB6A9}.Release|x64.ActiveCfg = Release|x64
		{17473006-E4BE-4ABF-851A-5DE412FCB6A9}.Release|x64.Build.0 = Release|x64
		{17473006-E4BE-4ABF-851A-5DE412FCB6A9}.Release|x86.ActiveCfg = Release|Win32
		{17473006-E4BE-4ABF-851A-5DE412FCB6A9}.Release|x86.Build.0 = Release|Win32
		{C0349FBB-9B49-4383-B3E0-FE60348EE968}.Debug|x64.ActiveCfg = Debug|x64
		{C0349FBB-9B49-4383-B3E0-FE60348EE968}.Debug|x64.Build.0 = Debug|x64
		{C0349FBB-9B49-4383-B3E0-FE60348EE968}.Debug|x86.ActiveCfg = Debug|Win32
		{C0349FBB-9B49-4383-B3E0-FE60348EE968}.Debug|x86.Build.0 = Debug|Win32
		{C0349FBB-9B49-4383-B3E0-FE60348EE968}.Release|x64.ActiveCfg = Release|x64
		{C0349FBB-9B49-4383-B3E0-FE60348EE968}.Release|x64.Build.0 = Release|x64
		{C0349FBB-9B49-4383-B3E0-FE60348EE968}.Release|x86.ActiveCfg = Release|Win32
		{C0349FBB-9B49-4383-B3E0-FE60348EE968}.Release|x86.Build.0 = Release|Win32
		{54B74B08-F09C-464D-A68F-E4A454862052}.Debug|x64.ActiveCfg = Debug|x64
		{54B74B08-F09C-464D-A68F-E4A454862052}.Debug|x64.Build.0 = Debug|x64
		{54B74B08-F09C-464D-A68F-E4A454862052}.Debug|x86.ActiveCfg = Debug|Win32
		{54B74B08-F09C-464D-A68F-E4A454862052}.Debug|x86.Build.0 = Debug|Win32
		{54B74B08-F09C-464D-A68F-E4A454862052}.Release|x64.ActiveCfg = Release|x64
		{54B74B08-F09C-464D-A68F-E4A454862052}.Release|x64.Build.0 = Release|x64
		{54B74B08-F09C-464D-A68F-E4A454862052}.Release|x86.ActiveCfg = Release|Win32
		{54B74B08-F09C-464D-A68F-E4A454862052}.Release|x86.Build.0 = Release|Win32
		{1E65F411-E61A-4F90-A346-CCED2B67EC37}.Debug|x64.ActiveCfg = Debug|x64
		{1E65F411-E61A-4F90-A346-CCED2B67EC37}.Debug|x64.Build.0 = Debug|x64
		{1E65F411-E61A-4F90-A346-CCED2B67EC37}.Debug|x86.ActiveCfg = Debug|Win32
		{1E65F411-E61A-4F90-A346-CCED2B67EC37}.Debug|x86.Build.0 = Debug|Win32
		{1E65F411-E61A-4F90-A346-CCED2B67EC37}.Release|x64.ActiveCfg = Release|x64
		{1E65F411-E61A-4F90-A346-CCED2B67EC37}.Release|x64.Build.0 = Release|x64
		{1E65F411-E61A-4F90-A346-CCED2B67EC37}.Release|x86.ActiveCfg = Release|Win32
		{1E65F411-E61A-4F90-A346-CCED2B67EC37}.Release|x86.Build.0 = Release|Win32
		{AAACED6E-050C-4EA7-9331-9C09BD6CFD80}.Debug|x64.ActiveCfg = Debug|x64
		{AAACED6E-050C-4EA7-9331-9C09BD6CFD80}.Debug|x64.Build.0 = Debug|x64
		{AAACED6E-050C-4EA7-9331-9C09BD6CFD80}.Debug|x86.ActiveCfg = Debug|Win32
		{AAACED6E-050C-4EA7-9331-9C09BD6CFD80}.Debug|x86.Build.0 = Debug|Win32
		{AAACED6E-050C-4EA7-9331-9C09BD6CFD80}.Release|x64.ActiveCfg = Release|x64
		{AAACED6E-050C-4EA7-9331-9C09BD6CFD80}.Release|x64.Build.0 = Release|x64
		{AAACED6E-050C-4EA7-9331-9C09BD6CFD80}.Release|x86.ActiveCfg = Release|Win32
		{AAACED6E-050C-4EA7-9331-9C09BD6CFD80}.Release|x86.Build.0 = Release|Win32
		{787E0194-5BDC-42FC-B4B5-0326E50DEA1D}.Debug|x64.ActiveCfg = Debug|x64
		{787E0194-5BDC-42FC-B4B5-0326E50DEA1D}.Debug|x64.Build.0 = Debug|x64
		{787E0194-5BDC-42FC-B4B5-0326E50DEA1D}.Debug|x86.ActiveCfg = Debug|Win32
		{787E0194-5BDC-42FC-B4B5-0326E50DEA1D}.Debug|x86.Build.0 = Debug|Win32
		{787E0194-5BDC-42FC-B4B5-0326E50DEA1D}.Release|x64.ActiveCfg = Release|x64
		{787E0194-5BDC-42FC-B4B5-0326E50DEA1D}.Release|x64.Build.0 = Release|x64
		{787E0194-5BDC-42FC-B4B5-0326E50DEA1D}.Release|x86.ActiveCfg = Release|Win32
		{787E0194-5BDC-42FC-B4B5-0326E50DEA1D}.Release|x86.Build.0 = Release|Win32
		{FE01BC1D-C173-4145-BA61-92737A46BA12}.Debug|x64.ActiveCfg = Debug|x64
		{FE01BC1D-C173-4145-BA61-92737A46BA12}.Debug|x64.Build.0 = Debug|x64
		{FE01BC1D-C173-4145-BA61-92737A46BA12}.Debug|x86.ActiveCfg = Debug|Win32
		{FE01BC1D-C173-4145-BA61-92737A46BA12}.Debug|x86.Build.0 = Debug|Win32
		{FE01BC1D-C173-4145-BA61-92737A46BA12}.Release|x64.ActiveCfg = Release|x64
		{FE01BC1D-C173-4145-BA61-92737A46BA12}.Release|x64.Build.0 = Release|x64
		{FE01BC1D-C173-4145-BA61-92737A46BA12}.Release|x86.ActiveCfg = Release|Win32
		{FE01BC1D-C173-4145-BA61-92737A46BA12}.Release|x86.Build.0 = Release|Win32
		{A4ABA05D-01C8-4421-908A-87C8E82E4F5E}.Debug|x64.ActiveCfg = Debug|x64
		{A4ABA05D-01C8-4421-908A-87C8E82E4F5E}.Debug|x64.Build.0 = Debug|x64
		{A4ABA05D-01C8-4421-908A-87C8E82E4F5E}.Debug|x86.ActiveCfg = Debug|Win32
		{A4ABA05D-01C8-4421-908A-87C8E82E4F5E}.Debug|x86.Build.0 = Debug|Win32
		{A4ABA05D-01C8-4421-908A-87C8E82E4F5E}.Release|x64.ActiveCfg = Release|x64
		{A4ABA05D-01C8-4421-908A-87C8E82E4F5E}.Release|x64.Build.0 = Release|x64
		{A4ABA05D-01C8-4421-908A-87C8E82E4F5E}.Release|x86.ActiveCfg = Release|Win32
		{A4ABA05D-01C8-4421-908A-87C8E82E4F5E}.Release|x86.Build.0 = Release|Win32
		{B813142C-9FAB-4BA4-A7A5-CF19CF7CE009}.Debug|x64.ActiveCfg = Debug|x64
		{B813142C-9FAB-4BA4-A7A5-CF19CF7CE009}.Debug|x64.Build.0 = Debug|x64
		{B813142C-9FAB-4BA4-A7A5-CF19CF7CE009}.Debug|x86.ActiveCfg = Debug|Win32
		{B813142C-9FAB-4BA4-A7A5-CF19CF7CE009}.Debug|x86.Build.0 = Debug|Win32
		{B813142C-9FAB-4BA4-A7A5-CF19CF7CE009}.Release|x64.ActiveCfg = Release|x64
		{B813142C-9FAB-4BA4-A7A5-CF19CF7CE009}.Release|x64.Build.0 = Release|x64
		{B813142C-9FAB-4BA4-A7A5-CF19CF7CE009}.Release|x86.ActiveCfg = Release|Win32
		{B813142C-9FAB-4BA4-A7A5-CF19CF7CE009}.Release|x86.Build.0 = Release|Win32
		{F3D0F058-F92E-40EE-8828-616DAC0DCC08}.Debug|x64.ActiveCfg = Debug|x64
		{F3D0F058-F92E-40EE-8828-616DAC0DCC08}.Debug|x64.Build.0 = Debug|x64
		{F3D0F058-F92E-40EE-8828-616DAC0DCC08}.Debug|x86.ActiveCfg = Debug|Win32
		{F3D0F058-F92E-40EE-8828-616DAC0DCC08}.Debug|x86.Build.0 = Debug|Win32
		{F3D0F058-F92E-40EE-8828-616DAC0DCC08}.Release|x64.ActiveCfg = Release|x64
		{F3D0F058-F92E-40EE-8828-616DAC0DCC08}.Release|x64.Build.0 = Release|x64
		{F3D0F058-F92E-40EE-8828-616DAC0DCC08}.Release|x86.ActiveCfg = Release|Win32
		{F3D0F058-F92E-40EE-8828-616DAC0DCC08}.Release|x86.Build.0 = Release|Win32
		{2E005171-3167-4407-80E7-6B9B236BFA8C}.Debug|x64.ActiveCfg = Debug|x64
		{2E005171-3167-4407-80E7-6B9B236BFA8C}.Debug|x64.Build.0 = Debug|x64
		{2E005171-3167-4407-80E7-6B9B236BFA8C}.Debug|x86.ActiveCfg = Debug|Win32
		{2E005171-3167-4407-80E7-6B9B236BFA8C}.Debug|x86.Build.0 = Debug|Win32
		{2E005171-3167-4407-80E7-6B9B236BFA8C}.Release|x64.ActiveCfg = Release|x64
		{2E005171-3167-4407-80E7-6B9B236BFA8C}.Release|x64.Build.0 = Release|x64
		{2E005171-3167-4407-80E7-6B9B236BFA8C}.Release|x86.ActiveCfg = Release|Win32
		{2E005171-3167-4407-80E7-6B9B236BFA8C}.Release|x86.Build.0 = Release|Win32
	EndGlobalSection
	GlobalSection(SolutionProperties) = preSolution
		HideSolutionNode = FALSE
	EndGlobalSection
	GlobalSection(ExtensibilityGlobals) = postSolution
		SolutionGuid = {A5EB4381-8853-4525-9EDB-11E8E532C2DE}
	EndGlobalSection
EndGlobal
