
Microsoft Visual Studio Solution File, Format Version 12.00
# Visual Studio Version 17
VisualStudioVersion = 17.1.32210.238
MinimumVisualStudioVersion = 10.0.40219.1
Project("{8BC9CEB8-8B4A-11D0-8D11-00A0C91BC942}") = "chapter03program01", "chapter03program01\chapter03program01.vcxproj", "{872DB613-19BA-4665-A19C-A314F0EF2192}"
EndProject
Project("{8BC9CEB8-8B4A-11D0-8D11-00A0C91BC942}") = "chapter02program01", "chapter02program01\chapter02program01.vcxproj", "{2DF2FC57-AAAA-48CE-BE38-4FA1C2AC0F1D}"
EndProject
Project("{8BC9CEB8-8B4A-11D0-8D11-00A0C91BC942}") = "chapter02program02", "chapter02program02\chapter02program02.vcxproj", "{17473006-E4BE-4ABF-851A-5DE412FCB6A9}"
EndProject
Project("{8BC9CEB8-8B4A-11D0-8D11-00A0C91BC942}") = "chapter02program03", "chapter02program03\chapter02program03.vcxproj", "{C0349FBB-9B49-4383-B3E0-FE60348EE968}"
EndProject
Project("{8BC9CEB8-8B4A-11D0-8D11-00A0C91BC942}") = "chapter02program04", "chapter02program04\chapter02program04.vcxproj", "{54B74B08-F09C-464D-A68F-E4A454862052}"
EndProject
Project("{8BC9CEB8-8B4A-11D0-8D11-00A0C91BC942}") = "chapter02program05", "chapter02program05\chapter02program05.vcxproj", "{1E65F411-E61A-4F90-A346-CCED2B67EC37}"
EndProject
Project("{8BC9CEB8-8B4A-11D0-8D11-00A0C91BC942}") = "chapter02program06", "chapter02program06\chapter02program06.vcxproj", "{AAACED6E-050C-4EA7-9331-9C09BD6CFD80}"
EndProject
Project("{8BC9CEB8-8B4A-11D0-8D11-00A0C91BC942}") = "chapter04program02", "chapter04program02\chapter04program02.vcxproj", "{787E0194-5BDC-42FC-B4B5-0326E50DEA1D}"
EndProject
Project("{8BC9CEB8-8B4A-11D0-8D11-00A0C91BC942}") = "chapter04program04_(new)", "chapter04program04_(new)\chapter04program04_(new).vcxproj", "{FE01BC1D-C173-4145-BA61-92737A46BA12}"
EndProject
Project("{8BC9CEB8-8B4A-11D0-8D11-00A0C91BC942}") = "chapter04program01", "chapter04program01\chapter04program01.vcxproj", "{A4ABA05D-01C8-4421-908A-87C8E82E4F5E}"
EndProject
Project("{8BC9CEB8-8B4A-11D0-8D11-00A0C91BC942}") = "chapter04program03", "chapter04program03\chapter04program03.vcxproj", "{B813142C-9FAB-4BA4-A7A5-CF19CF7CE009}"
EndProject
Project("{8BC9CEB8-8B4A-11D0-8D11-00A0C91BC942}") = "chapter04program02_(new)", "chapter04program02_(new)\chapter04program02_(new).vcxproj", "{F3D0F058-F92E-40EE-8828-616DAC0DCC08}"
EndProject
Project("{8BC9CEB8-8B4A-11D0-8D11-00A0C91BC942}") = "chapter04program03_(new)", "chapter04program03_(new)\chapter04program03_(new).vcxproj", "{2E005171-3167-4407-80E7-6B9B236BFA8C}"
EndProject
Project("{8BC9CEB8-8B4A-11D0-8D11-00A0C91BC942}") = "TestProj", "TestProj\TestProj.vcxproj", "{E8010608-EACA-4607-BA37-B12F4BF6AE4E}"
EndProject
Project("{8BC9CEB8-8B4A-11D0-8D11-00A0C91BC942}") = "chapter05program01", "chapter05program01\chapter05program01.vcxproj", "{6CA64CD3-BA46-467E-B8DF-9432C05E5588}"
EndProject
Project("{8BC9CEB8-8B4A-11D0-8D11-00A0C91BC942}") = "chapter05program02", "chapter05program02\chapter05program02.vcxproj", "{BF95910D-5CB6-47BB-B318-A6629A0E23C4}"
EndProject
Project("{8BC9CEB8-8B4A-11D0-8D11-00A0C91BC942}") = "chapter05program03", "chapter05program03\chapter05program03.vcxproj", "{8F13DDB6-7B6F-4653-8584-13C1A45F3E4B}"
EndProject
Project("{8BC9CEB8-8B4A-11D0-8D11-00A0C91BC942}") = "chapter04program04", "chapter04program04\chapter04program04.vcxproj", "{80EB3F96-DEF5-4940-92A8-CB7D65C9A085}"
EndProject
Project("{8BC9CEB8-8B4A-11D0-8D11-00A0C91BC942}") = "chapter04program05", "chapter04program05\chapter04program05.vcxproj", "{4ED29885-02A5-430A-BE26-5AC480EC3802}"
EndProject
Project("{8BC9CEB8-8B4A-11D0-8D11-00A0C91BC942}") = "chapter04program06", "chapter04program06\chapter04program06.vcxproj", "{45FC4AFD-4F83-4822-BC4C-825A80144FC7}"
EndProject
Project("{8BC9CEB8-8B4A-11D0-8D11-00A0C91BC942}") = "chapter04program07", "chapter04program07\chapter04program07.vcxproj", "{681D9059-6339-4E47-8892-EDDFBAEB5307}"
EndProject
Project("{8BC9CEB8-8B4A-11D0-8D11-00A0C91BC942}") = "chapter03program010", "chapter03program010\chapter03program010.vcxproj", "{37BD29E7-FDD1-48C2-84AC-AA9E64526867}"
EndProject
Project("{8BC9CEB8-8B4A-11D0-8D11-00A0C91BC942}") = "chapter04program10", "chapter04program10\chapter04program10.vcxproj", "{F2659461-758A-4461-AC1E-7447047FA855}"
EndProject
Project("{8BC9CEB8-8B4A-11D0-8D11-00A0C91BC942}") = "MidProj01", "MidProj01\MidProj01.vcxproj", "{5DF4C71B-AE05-415A-A6EF-D34D1DED2E82}"
EndProject
Project("{8BC9CEB8-8B4A-11D0-8D11-00A0C91BC942}") = "MidProj2", "MidProj2\MidProj2.vcxproj", "{9B4F7ACD-F4CA-4AEA-8A14-D12F746459A1}"
EndProject
Project("{8BC9CEB8-8B4A-11D0-8D11-00A0C91BC942}") = "MidProj3", "MidProj3\MidProj3.vcxproj", "{A6350146-6902-435B-A493-B325CC81558E}"
EndProject
Project("{8BC9CEB8-8B4A-11D0-8D11-00A0C91BC942}") = "chapter06program01", "chapter06program01\chapter06program01.vcxproj", "{EB419F0C-8ADB-452C-928C-4FE81C465E17}"
EndProject
Project("{8BC9CEB8-8B4A-11D0-8D11-00A0C91BC942}") = "chapter06program02", "chapter06program02\chapter06program02.vcxproj", "{D4423424-D2A1-4E27-92DD-291CEC4E9B54}"
EndProject
Project("{8BC9CEB8-8B4A-11D0-8D11-00A0C91BC942}") = "chapter06program06", "chapter06program06\chapter06program06.vcxproj", "{1F5E1C2A-352F-42D7-BCFE-0EEB4BBD9643}"
EndProject
Project("{8BC9CEB8-8B4A-11D0-8D11-00A0C91BC942}") = "chapter07program01", "chapter07program01\chapter07program01.vcxproj", "{751BDAD2-A202-42EE-A634-25B918309D82}"
EndProject
Project("{8BC9CEB8-8B4A-11D0-8D11-00A0C91BC942}") = "chapter07program02", "chapter07program02\chapter07program02.vcxproj", "{67DCCD9B-3590-4D50-90CE-3B3B11811141}"
EndProject
Project("{8BC9CEB8-8B4A-11D0-8D11-00A0C91BC942}") = "chapter07program03", "chapter07program03\chapter07program03.vcxproj", "{8E5C3A02-B6EF-4519-B334-069D8DB4158A}"
EndProject
Project("{8BC9CEB8-8B4A-11D0-8D11-00A0C91BC942}") = "chapter07program04", "chapter07program04\chapter07program04.vcxproj", "{05737129-06AF-4B45-82AE-8D3BB2ACA0BC}"
EndProject
Project("{8BC9CEB8-8B4A-11D0-8D11-00A0C91BC942}") = "chapter07program05", "chapter07program05\chapter07program05.vcxproj", "{10B2141E-ED49-4AF1-AEFA-5AD53CAFC510}"
EndProject
Global
	GlobalSection(SolutionConfigurationPlatforms) = preSolution
		Debug|x64 = Debug|x64
		Debug|x86 = Debug|x86
		Release|x64 = Release|x64
		Release|x86 = Release|x86
	EndGlobalSection
	GlobalSection(ProjectConfigurationPlatforms) = postSolution
		{872DB613-19BA-4665-A19C-A314F0EF2192}.Debug|x64.ActiveCfg = Debug|x64
		{872DB613-19BA-4665-A19C-A314F0EF2192}.Debug|x64.Build.0 = Debug|x64
		{872DB613-19BA-4665-A19C-A314F0EF2192}.Debug|x86.ActiveCfg = Debug|Win32
		{872DB613-19BA-4665-A19C-A314F0EF2192}.Debug|x86.Build.0 = Debug|Win32
		{872DB613-19BA-4665-A19C-A314F0EF2192}.Release|x64.ActiveCfg = Release|x64
		{872DB613-19BA-4665-A19C-A314F0EF2192}.Release|x64.Build.0 = Release|x64
		{872DB613-19BA-4665-A19C-A314F0EF2192}.Release|x86.ActiveCfg = Release|Win32
		{872DB613-19BA-4665-A19C-A314F0EF2192}.Release|x86.Build.0 = Release|Win32
		{2DF2FC57-AAAA-48CE-BE38-4FA1C2AC0F1D}.Debug|x64.ActiveCfg = Debug|x64
		{2DF2FC57-AAAA-48CE-BE38-4FA1C2AC0F1D}.Debug|x64.Build.0 = Debug|x64
		{2DF2FC57-AAAA-48CE-BE38-4FA1C2AC0F1D}.Debug|x86.ActiveCfg = Debug|Win32
		{2DF2FC57-AAAA-48CE-BE38-4FA1C2AC0F1D}.Debug|x86.Build.0 = Debug|Win32
		{2DF2FC57-AAAA-48CE-BE38-4FA1C2AC0F1D}.Release|x64.ActiveCfg = Release|x64
		{2DF2FC57-AAAA-48CE-BE38-4FA1C2AC0F1D}.Release|x64.Build.0 = Release|x64
		{2DF2FC57-AAAA-48CE-BE38-4FA1C2AC0F1D}.Release|x86.ActiveCfg = Release|Win32
		{2DF2FC57-AAAA-48CE-BE38-4FA1C2AC0F1D}.Release|x86.Build.0 = Release|Win32
		{17473006-E4BE-4ABF-851A-5DE412FCB6A9}.Debug|x64.ActiveCfg = Debug|x64
		{17473006-E4BE-4ABF-851A-5DE412FCB6A9}.Debug|x64.Build.0 = Debug|x64
		{17473006-E4BE-4ABF-851A-5DE412FCB6A9}.Debug|x86.ActiveCfg = Debug|Win32
		{17473006-E4BE-4ABF-851A-5DE412FCB6A9}.Debug|x86.Build.0 = Debug|Win32
		{17473006-E4BE-4ABF-851A-5DE412FCB6A9}.Release|x64.ActiveCfg = Release|x64
		{17473006-E4BE-4ABF-851A-5DE412FCB6A9}.Release|x64.Build.0 = Release|x64
		{17473006-E4BE-4ABF-851A-5DE412FCB6A9}.Release|x86.ActiveCfg = Release|Win32
		{17473006-E4BE-4ABF-851A-5DE412FCB6A9}.Release|x86.Build.0 = Release|Win32
		{C0349FBB-9B49-4383-B3E0-FE60348EE968}.Debug|x64.ActiveCfg = Debug|x64
		{C0349FBB-9B49-4383-B3E0-FE60348EE968}.Debug|x64.Build.0 = Debug|x64
		{C0349FBB-9B49-4383-B3E0-FE60348EE968}.Debug|x86.ActiveCfg = Debug|Win32
		{C0349FBB-9B49-4383-B3E0-FE60348EE968}.Debug|x86.Build.0 = Debug|Win32
		{C0349FBB-9B49-4383-B3E0-FE60348EE968}.Release|x64.ActiveCfg = Release|x64
		{C0349FBB-9B49-4383-B3E0-FE60348EE968}.Release|x64.Build.0 = Release|x64
		{C0349FBB-9B49-4383-B3E0-FE60348EE968}.Release|x86.ActiveCfg = Release|Win32
		{C0349FBB-9B49-4383-B3E0-FE60348EE968}.Release|x86.Build.0 = Release|Win32
		{54B74B08-F09C-464D-A68F-E4A454862052}.Debug|x64.ActiveCfg = Debug|x64
		{54B74B08-F09C-464D-A68F-E4A454862052}.Debug|x64.Build.0 = Debug|x64
		{54B74B08-F09C-464D-A68F-E4A454862052}.Debug|x86.ActiveCfg = Debug|Win32
		{54B74B08-F09C-464D-A68F-E4A454862052}.Debug|x86.Build.0 = Debug|Win32
		{54B74B08-F09C-464D-A68F-E4A454862052}.Release|x64.ActiveCfg = Release|x64
		{54B74B08-F09C-464D-A68F-E4A454862052}.Release|x64.Build.0 = Release|x64
		{54B74B08-F09C-464D-A68F-E4A454862052}.Release|x86.ActiveCfg = Release|Win32
		{54B74B08-F09C-464D-A68F-E4A454862052}.Release|x86.Build.0 = Release|Win32
		{1E65F411-E61A-4F90-A346-CCED2B67EC37}.Debug|x64.ActiveCfg = Debug|x64
		{1E65F411-E61A-4F90-A346-CCED2B67EC37}.Debug|x64.Build.0 = Debug|x64
		{1E65F411-E61A-4F90-A346-CCED2B67EC37}.Debug|x86.ActiveCfg = Debug|Win32
		{1E65F411-E61A-4F90-A346-CCED2B67EC37}.Debug|x86.Build.0 = Debug|Win32
		{1E65F411-E61A-4F90-A346-CCED2B67EC37}.Release|x64.ActiveCfg = Release|x64
		{1E65F411-E61A-4F90-A346-CCED2B67EC37}.Release|x64.Build.0 = Release|x64
		{1E65F411-E61A-4F90-A346-CCED2B67EC37}.Release|x86.ActiveCfg = Release|Win32
		{1E65F411-E61A-4F90-A346-CCED2B67EC37}.Release|x86.Build.0 = Release|Win32
		{AAACED6E-050C-4EA7-9331-9C09BD6CFD80}.Debug|x64.ActiveCfg = Debug|x64
		{AAACED6E-050C-4EA7-9331-9C09BD6CFD80}.Debug|x64.Build.0 = Debug|x64
		{AAACED6E-050C-4EA7-9331-9C09BD6CFD80}.Debug|x86.ActiveCfg = Debug|Win32
		{AAACED6E-050C-4EA7-9331-9C09BD6CFD80}.Debug|x86.Build.0 = Debug|Win32
		{AAACED6E-050C-4EA7-9331-9C09BD6CFD80}.Release|x64.ActiveCfg = Release|x64
		{AAACED6E-050C-4EA7-9331-9C09BD6CFD80}.Release|x64.Build.0 = Release|x64
		{AAACED6E-050C-4EA7-9331-9C09BD6CFD80}.Release|x86.ActiveCfg = Release|Win32
		{AAACED6E-050C-4EA7-9331-9C09BD6CFD80}.Release|x86.Build.0 = Release|Win32
		{787E0194-5BDC-42FC-B4B5-0326E50DEA1D}.Debug|x64.ActiveCfg = Debug|x64
		{787E0194-5BDC-42FC-B4B5-0326E50DEA1D}.Debug|x64.Build.0 = Debug|x64
		{787E0194-5BDC-42FC-B4B5-0326E50DEA1D}.Debug|x86.ActiveCfg = Debug|Win32
		{787E0194-5BDC-42FC-B4B5-0326E50DEA1D}.Debug|x86.Build.0 = Debug|Win32
		{787E0194-5BDC-42FC-B4B5-0326E50DEA1D}.Release|x64.ActiveCfg = Release|x64
		{787E0194-5BDC-42FC-B4B5-0326E50DEA1D}.Release|x64.Build.0 = Release|x64
		{787E0194-5BDC-42FC-B4B5-0326E50DEA1D}.Release|x86.ActiveCfg = Release|Win32
		{787E0194-5BDC-42FC-B4B5-0326E50DEA1D}.Release|x86.Build.0 = Release|Win32
		{FE01BC1D-C173-4145-BA61-92737A46BA12}.Debug|x64.ActiveCfg = Debug|x64
		{FE01BC1D-C173-4145-BA61-92737A46BA12}.Debug|x64.Build.0 = Debug|x64
		{FE01BC1D-C173-4145-BA61-92737A46BA12}.Debug|x86.ActiveCfg = Debug|Win32
		{FE01BC1D-C173-4145-BA61-92737A46BA12}.Debug|x86.Build.0 = Debug|Win32
		{FE01BC1D-C173-4145-BA61-92737A46BA12}.Release|x64.ActiveCfg = Release|x64
		{FE01BC1D-C173-4145-BA61-92737A46BA12}.Release|x64.Build.0 = Release|x64
		{FE01BC1D-C173-4145-BA61-92737A46BA12}.Release|x86.ActiveCfg = Release|Win32
		{FE01BC1D-C173-4145-BA61-92737A46BA12}.Release|x86.Build.0 = Release|Win32
		{A4ABA05D-01C8-4421-908A-87C8E82E4F5E}.Debug|x64.ActiveCfg = Debug|x64
		{A4ABA05D-01C8-4421-908A-87C8E82E4F5E}.Debug|x64.Build.0 = Debug|x64
		{A4ABA05D-01C8-4421-908A-87C8E82E4F5E}.Debug|x86.ActiveCfg = Debug|Win32
		{A4ABA05D-01C8-4421-908A-87C8E82E4F5E}.Debug|x86.Build.0 = Debug|Win32
		{A4ABA05D-01C8-4421-908A-87C8E82E4F5E}.Release|x64.ActiveCfg = Release|x64
		{A4ABA05D-01C8-4421-908A-87C8E82E4F5E}.Release|x64.Build.0 = Release|x64
		{A4ABA05D-01C8-4421-908A-87C8E82E4F5E}.Release|x86.ActiveCfg = Release|Win32
		{A4ABA05D-01C8-4421-908A-87C8E82E4F5E}.Release|x86.Build.0 = Release|Win32
		{B813142C-9FAB-4BA4-A7A5-CF19CF7CE009}.Debug|x64.ActiveCfg = Debug|x64
		{B813142C-9FAB-4BA4-A7A5-CF19CF7CE009}.Debug|x64.Build.0 = Debug|x64
		{B813142C-9FAB-4BA4-A7A5-CF19CF7CE009}.Debug|x86.ActiveCfg = Debug|Win32
		{B813142C-9FAB-4BA4-A7A5-CF19CF7CE009}.Debug|x86.Build.0 = Debug|Win32
		{B813142C-9FAB-4BA4-A7A5-CF19CF7CE009}.Release|x64.ActiveCfg = Release|x64
		{B813142C-9FAB-4BA4-A7A5-CF19CF7CE009}.Release|x64.Build.0 = Release|x64
		{B813142C-9FAB-4BA4-A7A5-CF19CF7CE009}.Release|x86.ActiveCfg = Release|Win32
		{B813142C-9FAB-4BA4-A7A5-CF19CF7CE009}.Release|x86.Build.0 = Release|Win32
		{F3D0F058-F92E-40EE-8828-616DAC0DCC08}.Debug|x64.ActiveCfg = Debug|x64
		{F3D0F058-F92E-40EE-8828-616DAC0DCC08}.Debug|x64.Build.0 = Debug|x64
		{F3D0F058-F92E-40EE-8828-616DAC0DCC08}.Debug|x86.ActiveCfg = Debug|Win32
		{F3D0F058-F92E-40EE-8828-616DAC0DCC08}.Debug|x86.Build.0 = Debug|Win32
		{F3D0F058-F92E-40EE-8828-616DAC0DCC08}.Release|x64.ActiveCfg = Release|x64
		{F3D0F058-F92E-40EE-8828-616DAC0DCC08}.Release|x64.Build.0 = Release|x64
		{F3D0F058-F92E-40EE-8828-616DAC0DCC08}.Release|x86.ActiveCfg = Release|Win32
		{F3D0F058-F92E-40EE-8828-616DAC0DCC08}.Release|x86.Build.0 = Release|Win32
		{2E005171-3167-4407-80E7-6B9B236BFA8C}.Debug|x64.ActiveCfg = Debug|x64
		{2E005171-3167-4407-80E7-6B9B236BFA8C}.Debug|x64.Build.0 = Debug|x64
		{2E005171-3167-4407-80E7-6B9B236BFA8C}.Debug|x86.ActiveCfg = Debug|Win32
		{2E005171-3167-4407-80E7-6B9B236BFA8C}.Debug|x86.Build.0 = Debug|Win32
		{2E005171-3167-4407-80E7-6B9B236BFA8C}.Release|x64.ActiveCfg = Release|x64
		{2E005171-3167-4407-80E7-6B9B236BFA8C}.Release|x64.Build.0 = Release|x64
		{2E005171-3167-4407-80E7-6B9B236BFA8C}.Release|x86.ActiveCfg = Release|Win32
		{2E005171-3167-4407-80E7-6B9B236BFA8C}.Release|x86.Build.0 = Release|Win32
		{E8010608-EACA-4607-BA37-B12F4BF6AE4E}.Debug|x64.ActiveCfg = Debug|x64
		{E8010608-EACA-4607-BA37-B12F4BF6AE4E}.Debug|x64.Build.0 = Debug|x64
		{E8010608-EACA-4607-BA37-B12F4BF6AE4E}.Debug|x86.ActiveCfg = Debug|Win32
		{E8010608-EACA-4607-BA37-B12F4BF6AE4E}.Debug|x86.Build.0 = Debug|Win32
		{E8010608-EACA-4607-BA37-B12F4BF6AE4E}.Release|x64.ActiveCfg = Release|x64
		{E8010608-EACA-4607-BA37-B12F4BF6AE4E}.Release|x64.Build.0 = Release|x64
		{E8010608-EACA-4607-BA37-B12F4BF6AE4E}.Release|x86.ActiveCfg = Release|Win32
		{E8010608-EACA-4607-BA37-B12F4BF6AE4E}.Release|x86.Build.0 = Release|Win32
		{6CA64CD3-BA46-467E-B8DF-9432C05E5588}.Debug|x64.ActiveCfg = Debug|x64
		{6CA64CD3-BA46-467E-B8DF-9432C05E5588}.Debug|x64.Build.0 = Debug|x64
		{6CA64CD3-BA46-467E-B8DF-9432C05E5588}.Debug|x86.ActiveCfg = Debug|Win32
		{6CA64CD3-BA46-467E-B8DF-9432C05E5588}.Debug|x86.Build.0 = Debug|Win32
		{6CA64CD3-BA46-467E-B8DF-9432C05E5588}.Release|x64.ActiveCfg = Release|x64
		{6CA64CD3-BA46-467E-B8DF-9432C05E5588}.Release|x64.Build.0 = Release|x64
		{6CA64CD3-BA46-467E-B8DF-9432C05E5588}.Release|x86.ActiveCfg = Release|Win32
		{6CA64CD3-BA46-467E-B8DF-9432C05E5588}.Release|x86.Build.0 = Release|Win32
		{BF95910D-5CB6-47BB-B318-A6629A0E23C4}.Debug|x64.ActiveCfg = Debug|x64
		{BF95910D-5CB6-47BB-B318-A6629A0E23C4}.Debug|x64.Build.0 = Debug|x64
		{BF95910D-5CB6-47BB-B318-A6629A0E23C4}.Debug|x86.ActiveCfg = Debug|Win32
		{BF95910D-5CB6-47BB-B318-A6629A0E23C4}.Debug|x86.Build.0 = Debug|Win32
		{BF95910D-5CB6-47BB-B318-A6629A0E23C4}.Release|x64.ActiveCfg = Release|x64
		{BF95910D-5CB6-47BB-B318-A6629A0E23C4}.Release|x64.Build.0 = Release|x64
		{BF95910D-5CB6-47BB-B318-A6629A0E23C4}.Release|x86.ActiveCfg = Release|Win32
		{BF95910D-5CB6-47BB-B318-A6629A0E23C4}.Release|x86.Build.0 = Release|Win32
		{8F13DDB6-7B6F-4653-8584-13C1A45F3E4B}.Debug|x64.ActiveCfg = Debug|x64
		{8F13DDB6-7B6F-4653-8584-13C1A45F3E4B}.Debug|x64.Build.0 = Debug|x64
		{8F13DDB6-7B6F-4653-8584-13C1A45F3E4B}.Debug|x86.ActiveCfg = Debug|Win32
		{8F13DDB6-7B6F-4653-8584-13C1A45F3E4B}.Debug|x86.Build.0 = Debug|Win32
		{8F13DDB6-7B6F-4653-8584-13C1A45F3E4B}.Release|x64.ActiveCfg = Release|x64
		{8F13DDB6-7B6F-4653-8584-13C1A45F3E4B}.Release|x64.Build.0 = Release|x64
		{8F13DDB6-7B6F-4653-8584-13C1A45F3E4B}.Release|x86.ActiveCfg = Release|Win32
		{8F13DDB6-7B6F-4653-8584-13C1A45F3E4B}.Release|x86.Build.0 = Release|Win32
		{80EB3F96-DEF5-4940-92A8-CB7D65C9A085}.Debug|x64.ActiveCfg = Debug|x64
		{80EB3F96-DEF5-4940-92A8-CB7D65C9A085}.Debug|x64.Build.0 = Debug|x64
		{80EB3F96-DEF5-4940-92A8-CB7D65C9A085}.Debug|x86.ActiveCfg = Debug|Win32
		{80EB3F96-DEF5-4940-92A8-CB7D65C9A085}.Debug|x86.Build.0 = Debug|Win32
		{80EB3F96-DEF5-4940-92A8-CB7D65C9A085}.Release|x64.ActiveCfg = Release|x64
		{80EB3F96-DEF5-4940-92A8-CB7D65C9A085}.Release|x64.Build.0 = Release|x64
		{80EB3F96-DEF5-4940-92A8-CB7D65C9A085}.Release|x86.ActiveCfg = Release|Win32
		{80EB3F96-DEF5-4940-92A8-CB7D65C9A085}.Release|x86.Build.0 = Release|Win32
		{4ED29885-02A5-430A-BE26-5AC480EC3802}.Debug|x64.ActiveCfg = Debug|x64
		{4ED29885-02A5-430A-BE26-5AC480EC3802}.Debug|x64.Build.0 = Debug|x64
		{4ED29885-02A5-430A-BE26-5AC480EC3802}.Debug|x86.ActiveCfg = Debug|Win32
		{4ED29885-02A5-430A-BE26-5AC480EC3802}.Debug|x86.Build.0 = Debug|Win32
		{4ED29885-02A5-430A-BE26-5AC480EC3802}.Release|x64.ActiveCfg = Release|x64
		{4ED29885-02A5-430A-BE26-5AC480EC3802}.Release|x64.Build.0 = Release|x64
		{4ED29885-02A5-430A-BE26-5AC480EC3802}.Release|x86.ActiveCfg = Release|Win32
		{4ED29885-02A5-430A-BE26-5AC480EC3802}.Release|x86.Build.0 = Release|Win32
		{45FC4AFD-4F83-4822-BC4C-825A80144FC7}.Debug|x64.ActiveCfg = Debug|x64
		{45FC4AFD-4F83-4822-BC4C-825A80144FC7}.Debug|x64.Build.0 = Debug|x64
		{45FC4AFD-4F83-4822-BC4C-825A80144FC7}.Debug|x86.ActiveCfg = Debug|Win32
		{45FC4AFD-4F83-4822-BC4C-825A80144FC7}.Debug|x86.Build.0 = Debug|Win32
		{45FC4AFD-4F83-4822-BC4C-825A80144FC7}.Release|x64.ActiveCfg = Release|x64
		{45FC4AFD-4F83-4822-BC4C-825A80144FC7}.Release|x64.Build.0 = Release|x64
		{45FC4AFD-4F83-4822-BC4C-825A80144FC7}.Release|x86.ActiveCfg = Release|Win32
		{45FC4AFD-4F83-4822-BC4C-825A80144FC7}.Release|x86.Build.0 = Release|Win32
		{681D9059-6339-4E47-8892-EDDFBAEB5307}.Debug|x64.ActiveCfg = Debug|x64
		{681D9059-6339-4E47-8892-EDDFBAEB5307}.Debug|x64.Build.0 = Debug|x64
		{681D9059-6339-4E47-8892-EDDFBAEB5307}.Debug|x86.ActiveCfg = Debug|Win32
		{681D9059-6339-4E47-8892-EDDFBAEB5307}.Debug|x86.Build.0 = Debug|Win32
		{681D9059-6339-4E47-8892-EDDFBAEB5307}.Release|x64.ActiveCfg = Release|x64
		{681D9059-6339-4E47-8892-EDDFBAEB5307}.Release|x64.Build.0 = Release|x64
		{681D9059-6339-4E47-8892-EDDFBAEB5307}.Release|x86.ActiveCfg = Release|Win32
		{681D9059-6339-4E47-8892-EDDFBAEB5307}.Release|x86.Build.0 = Release|Win32
		{37BD29E7-FDD1-48C2-84AC-AA9E64526867}.Debug|x64.ActiveCfg = Debug|x64
		{37BD29E7-FDD1-48C2-84AC-AA9E64526867}.Debug|x64.Build.0 = Debug|x64
		{37BD29E7-FDD1-48C2-84AC-AA9E64526867}.Debug|x86.ActiveCfg = Debug|Win32
		{37BD29E7-FDD1-48C2-84AC-AA9E64526867}.Debug|x86.Build.0 = Debug|Win32
		{37BD29E7-FDD1-48C2-84AC-AA9E64526867}.Release|x64.ActiveCfg = Release|x64
		{37BD29E7-FDD1-48C2-84AC-AA9E64526867}.Release|x64.Build.0 = Release|x64
		{37BD29E7-FDD1-48C2-84AC-AA9E64526867}.Release|x86.ActiveCfg = Release|Win32
		{37BD29E7-FDD1-48C2-84AC-AA9E64526867}.Release|x86.Build.0 = Release|Win32
		{F2659461-758A-4461-AC1E-7447047FA855}.Debug|x64.ActiveCfg = Debug|x64
		{F2659461-758A-4461-AC1E-7447047FA855}.Debug|x64.Build.0 = Debug|x64
		{F2659461-758A-4461-AC1E-7447047FA855}.Debug|x86.ActiveCfg = Debug|Win32
		{F2659461-758A-4461-AC1E-7447047FA855}.Debug|x86.Build.0 = Debug|Win32
		{F2659461-758A-4461-AC1E-7447047FA855}.Release|x64.ActiveCfg = Release|x64
		{F2659461-758A-4461-AC1E-7447047FA855}.Release|x64.Build.0 = Release|x64
		{F2659461-758A-4461-AC1E-7447047FA855}.Release|x86.ActiveCfg = Release|Win32
		{F2659461-758A-4461-AC1E-7447047FA855}.Release|x86.Build.0 = Release|Win32
		{5DF4C71B-AE05-415A-A6EF-D34D1DED2E82}.Debug|x64.ActiveCfg = Debug|x64
		{5DF4C71B-AE05-415A-A6EF-D34D1DED2E82}.Debug|x64.Build.0 = Debug|x64
		{5DF4C71B-AE05-415A-A6EF-D34D1DED2E82}.Debug|x86.ActiveCfg = Debug|Win32
		{5DF4C71B-AE05-415A-A6EF-D34D1DED2E82}.Debug|x86.Build.0 = Debug|Win32
		{5DF4C71B-AE05-415A-A6EF-D34D1DED2E82}.Release|x64.ActiveCfg = Release|x64
		{5DF4C71B-AE05-415A-A6EF-D34D1DED2E82}.Release|x64.Build.0 = Release|x64
		{5DF4C71B-AE05-415A-A6EF-D34D1DED2E82}.Release|x86.ActiveCfg = Release|Win32
		{5DF4C71B-AE05-415A-A6EF-D34D1DED2E82}.Release|x86.Build.0 = Release|Win32
		{9B4F7ACD-F4CA-4AEA-8A14-D12F746459A1}.Debug|x64.ActiveCfg = Debug|x64
		{9B4F7ACD-F4CA-4AEA-8A14-D12F746459A1}.Debug|x64.Build.0 = Debug|x64
		{9B4F7ACD-F4CA-4AEA-8A14-D12F746459A1}.Debug|x86.ActiveCfg = Debug|Win32
		{9B4F7ACD-F4CA-4AEA-8A14-D12F746459A1}.Debug|x86.Build.0 = Debug|Win32
		{9B4F7ACD-F4CA-4AEA-8A14-D12F746459A1}.Release|x64.ActiveCfg = Release|x64
		{9B4F7ACD-F4CA-4AEA-8A14-D12F746459A1}.Release|x64.Build.0 = Release|x64
		{9B4F7ACD-F4CA-4AEA-8A14-D12F746459A1}.Release|x86.ActiveCfg = Release|Win32
		{9B4F7ACD-F4CA-4AEA-8A14-D12F746459A1}.Release|x86.Build.0 = Release|Win32
		{A6350146-6902-435B-A493-B325CC81558E}.Debug|x64.ActiveCfg = Debug|x64
		{A6350146-6902-435B-A493-B325CC81558E}.Debug|x64.Build.0 = Debug|x64
		{A6350146-6902-435B-A493-B325CC81558E}.Debug|x86.ActiveCfg = Debug|Win32
		{A6350146-6902-435B-A493-B325CC81558E}.Debug|x86.Build.0 = Debug|Win32
		{A6350146-6902-435B-A493-B325CC81558E}.Release|x64.ActiveCfg = Release|x64
		{A6350146-6902-435B-A493-B325CC81558E}.Release|x64.Build.0 = Release|x64
		{A6350146-6902-435B-A493-B325CC81558E}.Release|x86.ActiveCfg = Release|Win32
		{A6350146-6902-435B-A493-B325CC81558E}.Release|x86.Build.0 = Release|Win32
		{EB419F0C-8ADB-452C-928C-4FE81C465E17}.Debug|x64.ActiveCfg = Debug|x64
		{EB419F0C-8ADB-452C-928C-4FE81C465E17}.Debug|x64.Build.0 = Debug|x64
		{EB419F0C-8ADB-452C-928C-4FE81C465E17}.Debug|x86.ActiveCfg = Debug|Win32
		{EB419F0C-8ADB-452C-928C-4FE81C465E17}.Debug|x86.Build.0 = Debug|Win32
		{EB419F0C-8ADB-452C-928C-4FE81C465E17}.Release|x64.ActiveCfg = Release|x64
		{EB419F0C-8ADB-452C-928C-4FE81C465E17}.Release|x64.Build.0 = Release|x64
		{EB419F0C-8ADB-452C-928C-4FE81C465E17}.Release|x86.ActiveCfg = Release|Win32
		{EB419F0C-8ADB-452C-928C-4FE81C465E17}.Release|x86.Build.0 = Release|Win32
		{D4423424-D2A1-4E27-92DD-291CEC4E9B54}.Debug|x64.ActiveCfg = Debug|x64
		{D4423424-D2A1-4E27-92DD-291CEC4E9B54}.Debug|x64.Build.0 = Debug|x64
		{D4423424-D2A1-4E27-92DD-291CEC4E9B54}.Debug|x86.ActiveCfg = Debug|Win32
		{D4423424-D2A1-4E27-92DD-291CEC4E9B54}.Debug|x86.Build.0 = Debug|Win32
		{D4423424-D2A1-4E27-92DD-291CEC4E9B54}.Release|x64.ActiveCfg = Release|x64
		{D4423424-D2A1-4E27-92DD-291CEC4E9B54}.Release|x64.Build.0 = Release|x64
		{D4423424-D2A1-4E27-92DD-291CEC4E9B54}.Release|x86.ActiveCfg = Release|Win32
		{D4423424-D2A1-4E27-92DD-291CEC4E9B54}.Release|x86.Build.0 = Release|Win32
		{1F5E1C2A-352F-42D7-BCFE-0EEB4BBD9643}.Debug|x64.ActiveCfg = Debug|x64
		{1F5E1C2A-352F-42D7-BCFE-0EEB4BBD9643}.Debug|x64.Build.0 = Debug|x64
		{1F5E1C2A-352F-42D7-BCFE-0EEB4BBD9643}.Debug|x86.ActiveCfg = Debug|Win32
		{1F5E1C2A-352F-42D7-BCFE-0EEB4BBD9643}.Debug|x86.Build.0 = Debug|Win32
		{1F5E1C2A-352F-42D7-BCFE-0EEB4BBD9643}.Release|x64.ActiveCfg = Release|x64
		{1F5E1C2A-352F-42D7-BCFE-0EEB4BBD9643}.Release|x64.Build.0 = Release|x64
		{1F5E1C2A-352F-42D7-BCFE-0EEB4BBD9643}.Release|x86.ActiveCfg = Release|Win32
		{1F5E1C2A-352F-42D7-BCFE-0EEB4BBD9643}.Release|x86.Build.0 = Release|Win32
		{751BDAD2-A202-42EE-A634-25B918309D82}.Debug|x64.ActiveCfg = Debug|x64
		{751BDAD2-A202-42EE-A634-25B918309D82}.Debug|x64.Build.0 = Debug|x64
		{751BDAD2-A202-42EE-A634-25B918309D82}.Debug|x86.ActiveCfg = Debug|Win32
		{751BDAD2-A202-42EE-A634-25B918309D82}.Debug|x86.Build.0 = Debug|Win32
		{751BDAD2-A202-42EE-A634-25B918309D82}.Release|x64.ActiveCfg = Release|x64
		{751BDAD2-A202-42EE-A634-25B918309D82}.Release|x64.Build.0 = Release|x64
		{751BDAD2-A202-42EE-A634-25B918309D82}.Release|x86.ActiveCfg = Release|Win32
		{751BDAD2-A202-42EE-A634-25B918309D82}.Release|x86.Build.0 = Release|Win32
		{67DCCD9B-3590-4D50-90CE-3B3B11811141}.Debug|x64.ActiveCfg = Debug|x64
		{67DCCD9B-3590-4D50-90CE-3B3B11811141}.Debug|x64.Build.0 = Debug|x64
		{67DCCD9B-3590-4D50-90CE-3B3B11811141}.Debug|x86.ActiveCfg = Debug|Win32
		{67DCCD9B-3590-4D50-90CE-3B3B11811141}.Debug|x86.Build.0 = Debug|Win32
		{67DCCD9B-3590-4D50-90CE-3B3B11811141}.Release|x64.ActiveCfg = Release|x64
		{67DCCD9B-3590-4D50-90CE-3B3B11811141}.Release|x64.Build.0 = Release|x64
		{67DCCD9B-3590-4D50-90CE-3B3B11811141}.Release|x86.ActiveCfg = Release|Win32
		{67DCCD9B-3590-4D50-90CE-3B3B11811141}.Release|x86.Build.0 = Release|Win32
		{8E5C3A02-B6EF-4519-B334-069D8DB4158A}.Debug|x64.ActiveCfg = Debug|x64
		{8E5C3A02-B6EF-4519-B334-069D8DB4158A}.Debug|x64.Build.0 = Debug|x64
		{8E5C3A02-B6EF-4519-B334-069D8DB4158A}.Debug|x86.ActiveCfg = Debug|Win32
		{8E5C3A02-B6EF-4519-B334-069D8DB4158A}.Debug|x86.Build.0 = Debug|Win32
		{8E5C3A02-B6EF-4519-B334-069D8DB4158A}.Release|x64.ActiveCfg = Release|x64
		{8E5C3A02-B6EF-4519-B334-069D8DB4158A}.Release|x64.Build.0 = Release|x64
		{8E5C3A02-B6EF-4519-B334-069D8DB4158A}.Release|x86.ActiveCfg = Release|Win32
		{8E5C3A02-B6EF-4519-B334-069D8DB4158A}.Release|x86.Build.0 = Release|Win32
		{05737129-06AF-4B45-82AE-8D3BB2ACA0BC}.Debug|x64.ActiveCfg = Debug|x64
		{05737129-06AF-4B45-82AE-8D3BB2ACA0BC}.Debug|x64.Build.0 = Debug|x64
		{05737129-06AF-4B45-82AE-8D3BB2ACA0BC}.Debug|x86.ActiveCfg = Debug|Win32
		{05737129-06AF-4B45-82AE-8D3BB2ACA0BC}.Debug|x86.Build.0 = Debug|Win32
		{05737129-06AF-4B45-82AE-8D3BB2ACA0BC}.Release|x64.ActiveCfg = Release|x64
		{05737129-06AF-4B45-82AE-8D3BB2ACA0BC}.Release|x64.Build.0 = Release|x64
		{05737129-06AF-4B45-82AE-8D3BB2ACA0BC}.Release|x86.ActiveCfg = Release|Win32
		{05737129-06AF-4B45-82AE-8D3BB2ACA0BC}.Release|x86.Build.0 = Release|Win32
		{10B2141E-ED49-4AF1-AEFA-5AD53CAFC510}.Debug|x64.ActiveCfg = Debug|x64
		{10B2141E-ED49-4AF1-AEFA-5AD53CAFC510}.Debug|x64.Build.0 = Debug|x64
		{10B2141E-ED49-4AF1-AEFA-5AD53CAFC510}.Debug|x86.ActiveCfg = Debug|Win32
		{10B2141E-ED49-4AF1-AEFA-5AD53CAFC510}.Debug|x86.Build.0 = Debug|Win32
		{10B2141E-ED49-4AF1-AEFA-5AD53CAFC510}.Release|x64.ActiveCfg = Release|x64
		{10B2141E-ED49-4AF1-AEFA-5AD53CAFC510}.Release|x64.Build.0 = Release|x64
		{10B2141E-ED49-4AF1-AEFA-5AD53CAFC510}.Release|x86.ActiveCfg = Release|Win32
		{10B2141E-ED49-4AF1-AEFA-5AD53CAFC510}.Release|x86.Build.0 = Release|Win32
	EndGlobalSection
	GlobalSection(SolutionProperties) = preSolution
		HideSolutionNode = FALSE
	EndGlobalSection
	GlobalSection(ExtensibilityGlobals) = postSolution
		SolutionGuid = {A5EB4381-8853-4525-9EDB-11E8E532C2DE}
	EndGlobalSection
EndGlobal
